
Microsoft Visual Studio Solution File, Format Version 12.00
# Visual Studio Version 17
VisualStudioVersion = 17.8.34330.188
MinimumVisualStudioVersion = 10.0.40219.1
Project("{FAE04EC0-301F-11D3-BF4B-00C04F79EFBC}") = "testApp", "testApp.csproj", "{65DCC2AA-78F1-488E-9DB4-CB02FD4554C6}"
EndProject
Global
	GlobalSection(SolutionConfigurationPlatforms) = preSolution
		Debug|Any CPU = Debug|Any CPU
		Release|Any CPU = Release|Any CPU
	EndGlobalSection
	GlobalSection(ProjectConfigurationPlatforms) = postSolution
		{65DCC2AA-78F1-488E-9DB4-CB02FD4554C6}.Debug|Any CPU.ActiveCfg = Debug|Any CPU
		{65DCC2AA-78F1-488E-9DB4-CB02FD4554C6}.Debug|Any CPU.Build.0 = Debug|Any CPU
		{65DCC2AA-78F1-488E-9DB4-CB02FD4554C6}.Release|Any CPU.ActiveCfg = Release|Any CPU
		{65DCC2AA-78F1-488E-9DB4-CB02FD4554C6}.Release|Any CPU.Build.0 = Release|Any CPU
	EndGlobalSection
	GlobalSection(SolutionProperties) = preSolution
		HideSolutionNode = FALSE
	EndGlobalSection
	GlobalSection(ExtensibilityGlobals) = postSolution
		SolutionGuid = {88585EEE-F1FF-4A7F-948C-ACB9680207A5}
	EndGlobalSection
EndGlobal
